
Microsoft Visual Studio Solution File, Format Version 12.00
# Visual Studio 15
Project("{FAE04EC0-301F-11D3-BF4B-00C04F79EFBC}") = "Kata3", "Kata3\Kata3.csproj", "{C371F64B-825F-44F3-9101-5ACC24D8FC01}"
EndProject
Global
	GlobalSection(SolutionConfigurationPlatforms) = preSolution
		Debug|Any CPU = Debug|Any CPU
		Release|Any CPU = Release|Any CPU
	EndGlobalSection
	GlobalSection(ProjectConfigurationPlatforms) = postSolution
		{C371F64B-825F-44F3-9101-5ACC24D8FC01}.Debug|Any CPU.ActiveCfg = Debug|Any CPU
		{C371F64B-825F-44F3-9101-5ACC24D8FC01}.Debug|Any CPU.Build.0 = Debug|Any CPU
		{C371F64B-825F-44F3-9101-5ACC24D8FC01}.Release|Any CPU.ActiveCfg = Release|Any CPU
		{C371F64B-825F-44F3-9101-5ACC24D8FC01}.Release|Any CPU.Build.0 = Release|Any CPU
	EndGlobalSection
EndGlobal
